// !$*UTF8*$!
{
	archiveVersion = 1;
	classes = {
	};
	objectVersion = 56;
	objects = {

/* Begin PBXBuildFile section */
		8530571B29928E0D009D80F1 /* BankActorDemoApp.swift in Sources */ = {isa = PBXBuildFile; fileRef = 8530571A29928E0D009D80F1 /* BankActorDemoApp.swift */; };
		8530571D29928E0D009D80F1 /* ContentView.swift in Sources */ = {isa = PBXBuildFile; fileRef = 8530571C29928E0D009D80F1 /* ContentView.swift */; };
		8530571F29928E0E009D80F1 /* Assets.xcassets in Resources */ = {isa = PBXBuildFile; fileRef = 8530571E29928E0E009D80F1 /* Assets.xcassets */; };
		8530572229928E0E009D80F1 /* Preview Assets.xcassets in Resources */ = {isa = PBXBuildFile; fileRef = 8530572129928E0E009D80F1 /* Preview Assets.xcassets */; };
		8530572C29928E0E009D80F1 /* BankActorDemoTests.swift in Sources */ = {isa = PBXBuildFile; fileRef = 8530572B29928E0E009D80F1 /* BankActorDemoTests.swift */; };
		8530573629928E0E009D80F1 /* BankActorDemoUITests.swift in Sources */ = {isa = PBXBuildFile; fileRef = 8530573529928E0E009D80F1 /* BankActorDemoUITests.swift */; };
		8530573829928E0E009D80F1 /* BankActorDemoUITestsLaunchTests.swift in Sources */ = {isa = PBXBuildFile; fileRef = 8530573729928E0E009D80F1 /* BankActorDemoUITestsLaunchTests.swift */; };
		8530574629928E94009D80F1 /* BankViewModel.swift in Sources */ = {isa = PBXBuildFile; fileRef = 8530574529928E94009D80F1 /* BankViewModel.swift */; };
/* End PBXBuildFile section */

/* Begin PBXContainerItemProxy section */
		8530572829928E0E009D80F1 /* PBXContainerItemProxy */ = {
			isa = PBXContainerItemProxy;
			containerPortal = 8530570F29928E0D009D80F1 /* Project object */;
			proxyType = 1;
			remoteGlobalIDString = 8530571629928E0D009D80F1;
			remoteInfo = BankActorDemo;
		};
		8530573229928E0E009D80F1 /* PBXContainerItemProxy */ = {
			isa = PBXContainerItemProxy;
			containerPortal = 8530570F29928E0D009D80F1 /* Project object */;
			proxyType = 1;
			remoteGlobalIDString = 8530571629928E0D009D80F1;
			remoteInfo = BankActorDemo;
		};
/* End PBXContainerItemProxy section */

/* Begin PBXFileReference section */
		8530571729928E0D009D80F1 /* BankActorDemo.app */ = {isa = PBXFileReference; explicitFileType = wrapper.application; includeInIndex = 0; path = BankActorDemo.app; sourceTree = BUILT_PRODUCTS_DIR; };
		8530571A29928E0D009D80F1 /* BankActorDemoApp.swift */ = {isa = PBXFileReference; lastKnownFileType = sourcecode.swift; path = BankActorDemoApp.swift; sourceTree = "<group>"; };
		8530571C29928E0D009D80F1 /* ContentView.swift */ = {isa = PBXFileReference; lastKnownFileType = sourcecode.swift; path = ContentView.swift; sourceTree = "<group>"; };
		8530571E29928E0E009D80F1 /* Assets.xcassets */ = {isa = PBXFileReference; lastKnownFileType = folder.assetcatalog; path = Assets.xcassets; sourceTree = "<group>"; };
		8530572129928E0E009D80F1 /* Preview Assets.xcassets */ = {isa = PBXFileReference; lastKnownFileType = folder.assetcatalog; path = "Preview Assets.xcassets"; sourceTree = "<group>"; };
		8530572729928E0E009D80F1 /* BankActorDemoTests.xctest */ = {isa = PBXFileReference; explicitFileType = wrapper.cfbundle; includeInIndex = 0; path = BankActorDemoTests.xctest; sourceTree = BUILT_PRODUCTS_DIR; };
		8530572B29928E0E009D80F1 /* BankActorDemoTests.swift */ = {isa = PBXFileReference; lastKnownFileType = sourcecode.swift; path = BankActorDemoTests.swift; sourceTree = "<group>"; };
		8530573129928E0E009D80F1 /* BankActorDemoUITests.xctest */ = {isa = PBXFileReference; explicitFileType = wrapper.cfbundle; includeInIndex = 0; path = BankActorDemoUITests.xctest; sourceTree = BUILT_PRODUCTS_DIR; };
		8530573529928E0E009D80F1 /* BankActorDemoUITests.swift */ = {isa = PBXFileReference; lastKnownFileType = sourcecode.swift; path = BankActorDemoUITests.swift; sourceTree = "<group>"; };
		8530573729928E0E009D80F1 /* BankActorDemoUITestsLaunchTests.swift */ = {isa = PBXFileReference; lastKnownFileType = sourcecode.swift; path = BankActorDemoUITestsLaunchTests.swift; sourceTree = "<group>"; };
		8530574529928E94009D80F1 /* BankViewModel.swift */ = {isa = PBXFileReference; lastKnownFileType = sourcecode.swift; path = BankViewModel.swift; sourceTree = "<group>"; };
/* End PBXFileReference section */

/* Begin PBXFrameworksBuildPhase section */
		8530571429928E0D009D80F1 /* Frameworks */ = {
			isa = PBXFrameworksBuildPhase;
			buildActionMask = 2147483647;
			files = (
			);
			runOnlyForDeploymentPostprocessing = 0;
		};
		8530572429928E0E009D80F1 /* Frameworks */ = {
			isa = PBXFrameworksBuildPhase;
			buildActionMask = 2147483647;
			files = (
			);
			runOnlyForDeploymentPostprocessing = 0;
		};
		8530572E29928E0E009D80F1 /* Frameworks */ = {
			isa = PBXFrameworksBuildPhase;
			buildActionMask = 2147483647;
			files = (
			);
			runOnlyForDeploymentPostprocessing = 0;
		};
/* End PBXFrameworksBuildPhase section */

/* Begin PBXGroup section */
		8530570E29928E0D009D80F1 = {
			isa = PBXGroup;
			children = (
				8530574429928E1A009D80F1 /* View Model */,
				8530571929928E0D009D80F1 /* BankActorDemo */,
				8530572A29928E0E009D80F1 /* BankActorDemoTests */,
				8530573429928E0E009D80F1 /* BankActorDemoUITests */,
				8530571829928E0D009D80F1 /* Products */,
			);
			sourceTree = "<group>";
		};
		8530571829928E0D009D80F1 /* Products */ = {
			isa = PBXGroup;
			children = (
				8530571729928E0D009D80F1 /* BankActorDemo.app */,
				8530572729928E0E009D80F1 /* BankActorDemoTests.xctest */,
				8530573129928E0E009D80F1 /* BankActorDemoUITests.xctest */,
			);
			name = Products;
			sourceTree = "<group>";
		};
		8530571929928E0D009D80F1 /* BankActorDemo */ = {
			isa = PBXGroup;
			children = (
				8530571A29928E0D009D80F1 /* BankActorDemoApp.swift */,
				8530571C29928E0D009D80F1 /* ContentView.swift */,
				8530571E29928E0E009D80F1 /* Assets.xcassets */,
				8530572029928E0E009D80F1 /* Preview Content */,
			);
			path = BankActorDemo;
			sourceTree = "<group>";
		};
		8530572029928E0E009D80F1 /* Preview Content */ = {
			isa = PBXGroup;
			children = (
				8530572129928E0E009D80F1 /* Preview Assets.xcassets */,
			);
			path = "Preview Content";
			sourceTree = "<group>";
		};
		8530572A29928E0E009D80F1 /* BankActorDemoTests */ = {
			isa = PBXGroup;
			children = (
				8530572B29928E0E009D80F1 /* BankActorDemoTests.swift */,
			);
			path = BankActorDemoTests;
			sourceTree = "<group>";
		};
		8530573429928E0E009D80F1 /* BankActorDemoUITests */ = {
			isa = PBXGroup;
			children = (
				8530573529928E0E009D80F1 /* BankActorDemoUITests.swift */,
				8530573729928E0E009D80F1 /* BankActorDemoUITestsLaunchTests.swift */,
			);
			path = BankActorDemoUITests;
			sourceTree = "<group>";
		};
		8530574429928E1A009D80F1 /* View Model */ = {
			isa = PBXGroup;
			children = (
				8530574529928E94009D80F1 /* BankViewModel.swift */,
			);
			path = "View Model";
			sourceTree = "<group>";
		};
/* End PBXGroup section */

/* Begin PBXNativeTarget section */
		8530571629928E0D009D80F1 /* BankActorDemo */ = {
			isa = PBXNativeTarget;
			buildConfigurationList = 8530573B29928E0E009D80F1 /* Build configuration list for PBXNativeTarget "BankActorDemo" */;
			buildPhases = (
				8530571329928E0D009D80F1 /* Sources */,
				8530571429928E0D009D80F1 /* Frameworks */,
				8530571529928E0D009D80F1 /* Resources */,
			);
			buildRules = (
			);
			dependencies = (
			);
			name = BankActorDemo;
			productName = BankActorDemo;
			productReference = 8530571729928E0D009D80F1 /* BankActorDemo.app */;
			productType = "com.apple.product-type.application";
		};
		8530572629928E0E009D80F1 /* BankActorDemoTests */ = {
			isa = PBXNativeTarget;
			buildConfigurationList = 8530573E29928E0E009D80F1 /* Build configuration list for PBXNativeTarget "BankActorDemoTests" */;
			buildPhases = (
				8530572329928E0E009D80F1 /* Sources */,
				8530572429928E0E009D80F1 /* Frameworks */,
				8530572529928E0E009D80F1 /* Resources */,
			);
			buildRules = (
			);
			dependencies = (
				8530572929928E0E009D80F1 /* PBXTargetDependency */,
			);
			name = BankActorDemoTests;
			productName = BankActorDemoTests;
			productReference = 8530572729928E0E009D80F1 /* BankActorDemoTests.xctest */;
			productType = "com.apple.product-type.bundle.unit-test";
		};
		8530573029928E0E009D80F1 /* BankActorDemoUITests */ = {
			isa = PBXNativeTarget;
			buildConfigurationList = 8530574129928E0E009D80F1 /* Build configuration list for PBXNativeTarget "BankActorDemoUITests" */;
			buildPhases = (
				8530572D29928E0E009D80F1 /* Sources */,
				8530572E29928E0E009D80F1 /* Frameworks */,
				8530572F29928E0E009D80F1 /* Resources */,
			);
			buildRules = (
			);
			dependencies = (
				8530573329928E0E009D80F1 /* PBXTargetDependency */,
			);
			name = BankActorDemoUITests;
			productName = BankActorDemoUITests;
			productReference = 8530573129928E0E009D80F1 /* BankActorDemoUITests.xctest */;
			productType = "com.apple.product-type.bundle.ui-testing";
		};
/* End PBXNativeTarget section */

/* Begin PBXProject section */
		8530570F29928E0D009D80F1 /* Project object */ = {
			isa = PBXProject;
			attributes = {
				BuildIndependentTargetsInParallel = 1;
				LastSwiftUpdateCheck = 1420;
				LastUpgradeCheck = 1420;
				TargetAttributes = {
					8530571629928E0D009D80F1 = {
						CreatedOnToolsVersion = 14.2;
					};
					8530572629928E0E009D80F1 = {
						CreatedOnToolsVersion = 14.2;
						TestTargetID = 8530571629928E0D009D80F1;
					};
					8530573029928E0E009D80F1 = {
						CreatedOnToolsVersion = 14.2;
						TestTargetID = 8530571629928E0D009D80F1;
					};
				};
			};
			buildConfigurationList = 8530571229928E0D009D80F1 /* Build configuration list for PBXProject "BankActorDemo" */;
			compatibilityVersion = "Xcode 14.0";
			developmentRegion = en;
			hasScannedForEncodings = 0;
			knownRegions = (
				en,
				Base,
			);
			mainGroup = 8530570E29928E0D009D80F1;
			productRefGroup = 8530571829928E0D009D80F1 /* Products */;
			projectDirPath = "";
			projectRoot = "";
			targets = (
				8530571629928E0D009D80F1 /* BankActorDemo */,
				8530572629928E0E009D80F1 /* BankActorDemoTests */,
				8530573029928E0E009D80F1 /* BankActorDemoUITests */,
			);
		};
/* End PBXProject section */

/* Begin PBXResourcesBuildPhase section */
		8530571529928E0D009D80F1 /* Resources */ = {
			isa = PBXResourcesBuildPhase;
			buildActionMask = 2147483647;
			files = (
				8530572229928E0E009D80F1 /* Preview Assets.xcassets in Resources */,
				8530571F29928E0E009D80F1 /* Assets.xcassets in Resources */,
			);
			runOnlyForDeploymentPostprocessing = 0;
		};
		8530572529928E0E009D80F1 /* Resources */ = {
			isa = PBXResourcesBuildPhase;
			buildActionMask = 2147483647;
			files = (
			);
			runOnlyForDeploymentPostprocessing = 0;
		};
		8530572F29928E0E009D80F1 /* Resources */ = {
			isa = PBXResourcesBuildPhase;
			buildActionMask = 2147483647;
			files = (
			);
			runOnlyForDeploymentPostprocessing = 0;
		};
/* End PBXResourcesBuildPhase section */

/* Begin PBXSourcesBuildPhase section */
		8530571329928E0D009D80F1 /* Sources */ = {
			isa = PBXSourcesBuildPhase;
			buildActionMask = 2147483647;
			files = (
				8530571D29928E0D009D80F1 /* ContentView.swift in Sources */,
				8530574629928E94009D80F1 /* BankViewModel.swift in Sources */,
				8530571B29928E0D009D80F1 /* BankActorDemoApp.swift in Sources */,
			);
			runOnlyForDeploymentPostprocessing = 0;
		};
		8530572329928E0E009D80F1 /* Sources */ = {
			isa = PBXSourcesBuildPhase;
			buildActionMask = 2147483647;
			files = (
				8530572C29928E0E009D80F1 /* BankActorDemoTests.swift in Sources */,
			);
			runOnlyForDeploymentPostprocessing = 0;
		};
		8530572D29928E0E009D80F1 /* Sources */ = {
			isa = PBXSourcesBuildPhase;
			buildActionMask = 2147483647;
			files = (
				8530573629928E0E009D80F1 /* BankActorDemoUITests.swift in Sources */,
				8530573829928E0E009D80F1 /* BankActorDemoUITestsLaunchTests.swift in Sources */,
			);
			runOnlyForDeploymentPostprocessing = 0;
		};
/* End PBXSourcesBuildPhase section */

/* Begin PBXTargetDependency section */
		8530572929928E0E009D80F1 /* PBXTargetDependency */ = {
			isa = PBXTargetDependency;
			target = 8530571629928E0D009D80F1 /* BankActorDemo */;
			targetProxy = 8530572829928E0E009D80F1 /* PBXContainerItemProxy */;
		};
		8530573329928E0E009D80F1 /* PBXTargetDependency */ = {
			isa = PBXTargetDependency;
			target = 8530571629928E0D009D80F1 /* BankActorDemo */;
			targetProxy = 8530573229928E0E009D80F1 /* PBXContainerItemProxy */;
		};
/* End PBXTargetDependency section */

/* Begin XCBuildConfiguration section */
		8530573929928E0E009D80F1 /* Debug */ = {
			isa = XCBuildConfiguration;
			buildSettings = {
				ALWAYS_SEARCH_USER_PATHS = NO;
				CLANG_ANALYZER_NONNULL = YES;
				CLANG_ANALYZER_NUMBER_OBJECT_CONVERSION = YES_AGGRESSIVE;
				CLANG_CXX_LANGUAGE_STANDARD = "gnu++20";
				CLANG_ENABLE_MODULES = YES;
				CLANG_ENABLE_OBJC_ARC = YES;
				CLANG_ENABLE_OBJC_WEAK = YES;
				CLANG_WARN_BLOCK_CAPTURE_AUTORELEASING = YES;
				CLANG_WARN_BOOL_CONVERSION = YES;
				CLANG_WARN_COMMA = YES;
				CLANG_WARN_CONSTANT_CONVERSION = YES;
				CLANG_WARN_DEPRECATED_OBJC_IMPLEMENTATIONS = YES;
				CLANG_WARN_DIRECT_OBJC_ISA_USAGE = YES_ERROR;
				CLANG_WARN_DOCUMENTATION_COMMENTS = YES;
				CLANG_WARN_EMPTY_BODY = YES;
				CLANG_WARN_ENUM_CONVERSION = YES;
				CLANG_WARN_INFINITE_RECURSION = YES;
				CLANG_WARN_INT_CONVERSION = YES;
				CLANG_WARN_NON_LITERAL_NULL_CONVERSION = YES;
				CLANG_WARN_OBJC_IMPLICIT_RETAIN_SELF = YES;
				CLANG_WARN_OBJC_LITERAL_CONVERSION = YES;
				CLANG_WARN_OBJC_ROOT_CLASS = YES_ERROR;
				CLANG_WARN_QUOTED_INCLUDE_IN_FRAMEWORK_HEADER = YES;
				CLANG_WARN_RANGE_LOOP_ANALYSIS = YES;
				CLANG_WARN_STRICT_PROTOTYPES = YES;
				CLANG_WARN_SUSPICIOUS_MOVE = YES;
				CLANG_WARN_UNGUARDED_AVAILABILITY = YES_AGGRESSIVE;
				CLANG_WARN_UNREACHABLE_CODE = YES;
				CLANG_WARN__DUPLICATE_METHOD_MATCH = YES;
				COPY_PHASE_STRIP = NO;
				DEBUG_INFORMATION_FORMAT = dwarf;
				ENABLE_STRICT_OBJC_MSGSEND = YES;
				ENABLE_TESTABILITY = YES;
				GCC_C_LANGUAGE_STANDARD = gnu11;
				GCC_DYNAMIC_NO_PIC = NO;
				GCC_NO_COMMON_BLOCKS = YES;
				GCC_OPTIMIZATION_LEVEL = 0;
				GCC_PREPROCESSOR_DEFINITIONS = (
					"DEBUG=1",
					"$(inherited)",
				);
				GCC_WARN_64_TO_32_BIT_CONVERSION = YES;
				GCC_WARN_ABOUT_RETURN_TYPE = YES_ERROR;
				GCC_WARN_UNDECLARED_SELECTOR = YES;
				GCC_WARN_UNINITIALIZED_AUTOS = YES_AGGRESSIVE;
				GCC_WARN_UNUSED_FUNCTION = YES;
				GCC_WARN_UNUSED_VARIABLE = YES;
				IPHONEOS_DEPLOYMENT_TARGET = 16.2;
				MTL_ENABLE_DEBUG_INFO = INCLUDE_SOURCE;
				MTL_FAST_MATH = YES;
				ONLY_ACTIVE_ARCH = YES;
				SDKROOT = iphoneos;
				SWIFT_ACTIVE_COMPILATION_CONDITIONS = DEBUG;
				SWIFT_OPTIMIZATION_LEVEL = "-Onone";
			};
			name = Debug;
		};
		8530573A29928E0E009D80F1 /* Release */ = {
			isa = XCBuildConfiguration;
			buildSettings = {
				ALWAYS_SEARCH_USER_PATHS = NO;
				CLANG_ANALYZER_NONNULL = YES;
				CLANG_ANALYZER_NUMBER_OBJECT_CONVERSION = YES_AGGRESSIVE;
				CLANG_CXX_LANGUAGE_STANDARD = "gnu++20";
				CLANG_ENABLE_MODULES = YES;
				CLANG_ENABLE_OBJC_ARC = YES;
				CLANG_ENABLE_OBJC_WEAK = YES;
				CLANG_WARN_BLOCK_CAPTURE_AUTORELEASING = YES;
				CLANG_WARN_BOOL_CONVERSION = YES;
				CLANG_WARN_COMMA = YES;
				CLANG_WARN_CONSTANT_CONVERSION = YES;
				CLANG_WARN_DEPRECATED_OBJC_IMPLEMENTATIONS = YES;
				CLANG_WARN_DIRECT_OBJC_ISA_USAGE = YES_ERROR;
				CLANG_WARN_DOCUMENTATION_COMMENTS = YES;
				CLANG_WARN_EMPTY_BODY = YES;
				CLANG_WARN_ENUM_CONVERSION = YES;
				CLANG_WARN_INFINITE_RECURSION = YES;
				CLANG_WARN_INT_CONVERSION = YES;
				CLANG_WARN_NON_LITERAL_NULL_CONVERSION = YES;
				CLANG_WARN_OBJC_IMPLICIT_RETAIN_SELF = YES;
				CLANG_WARN_OBJC_LITERAL_CONVERSION = YES;
				CLANG_WARN_OBJC_ROOT_CLASS = YES_ERROR;
				CLANG_WARN_QUOTED_INCLUDE_IN_FRAMEWORK_HEADER = YES;
				CLANG_WARN_RANGE_LOOP_ANALYSIS = YES;
				CLANG_WARN_STRICT_PROTOTYPES = YES;
				CLANG_WARN_SUSPICIOUS_MOVE = YES;
				CLANG_WARN_UNGUARDED_AVAILABILITY = YES_AGGRESSIVE;
				CLANG_WARN_UNREACHABLE_CODE = YES;
				CLANG_WARN__DUPLICATE_METHOD_MATCH = YES;
				COPY_PHASE_STRIP = NO;
				DEBUG_INFORMATION_FORMAT = "dwarf-with-dsym";
				ENABLE_NS_ASSERTIONS = NO;
				ENABLE_STRICT_OBJC_MSGSEND = YES;
				GCC_C_LANGUAGE_STANDARD = gnu11;
				GCC_NO_COMMON_BLOCKS = YES;
				GCC_WARN_64_TO_32_BIT_CONVERSION = YES;
				GCC_WARN_ABOUT_RETURN_TYPE = YES_ERROR;
				GCC_WARN_UNDECLARED_SELECTOR = YES;
				GCC_WARN_UNINITIALIZED_AUTOS = YES_AGGRESSIVE;
				GCC_WARN_UNUSED_FUNCTION = YES;
				GCC_WARN_UNUSED_VARIABLE = YES;
				IPHONEOS_DEPLOYMENT_TARGET = 16.2;
				MTL_ENABLE_DEBUG_INFO = NO;
				MTL_FAST_MATH = YES;
				SDKROOT = iphoneos;
				SWIFT_COMPILATION_MODE = wholemodule;
				SWIFT_OPTIMIZATION_LEVEL = "-O";
				VALIDATE_PRODUCT = YES;
			};
			name = Release;
		};
		8530573C29928E0E009D80F1 /* Debug */ = {
			isa = XCBuildConfiguration;
			buildSettings = {
				ASSETCATALOG_COMPILER_APPICON_NAME = AppIcon;
				ASSETCATALOG_COMPILER_GLOBAL_ACCENT_COLOR_NAME = AccentColor;
				CODE_SIGN_STYLE = Automatic;
				CURRENT_PROJECT_VERSION = 1;
				DEVELOPMENT_ASSET_PATHS = "\"BankActorDemo/Preview Content\"";
				DEVELOPMENT_TEAM = 853676N3N3;
				ENABLE_PREVIEWS = YES;
				GENERATE_INFOPLIST_FILE = YES;
				INFOPLIST_KEY_UIApplicationSceneManifest_Generation = YES;
				INFOPLIST_KEY_UIApplicationSupportsIndirectInputEvents = YES;
				INFOPLIST_KEY_UILaunchScreen_Generation = YES;
				INFOPLIST_KEY_UISupportedInterfaceOrientations_iPad = "UIInterfaceOrientationPortrait UIInterfaceOrientationPortraitUpsideDown UIInterfaceOrientationLandscapeLeft UIInterfaceOrientationLandscapeRight";
				INFOPLIST_KEY_UISupportedInterfaceOrientations_iPhone = "UIInterfaceOrientationPortrait UIInterfaceOrientationLandscapeLeft UIInterfaceOrientationLandscapeRight";
				LD_RUNPATH_SEARCH_PATHS = (
					"$(inherited)",
					"@executable_path/Frameworks",
				);
				MARKETING_VERSION = 1.0;
				PRODUCT_BUNDLE_IDENTIFIER = com.Karamjit.BankActorDemo;
				PRODUCT_NAME = "$(TARGET_NAME)";
				SWIFT_EMIT_LOC_STRINGS = YES;
				SWIFT_VERSION = 5.0;
				TARGETED_DEVICE_FAMILY = "1,2";
			};
			name = Debug;
		};
		8530573D29928E0E009D80F1 /* Release */ = {
			isa = XCBuildConfiguration;
			buildSettings = {
				ASSETCATALOG_COMPILER_APPICON_NAME = AppIcon;
				ASSETCATALOG_COMPILER_GLOBAL_ACCENT_COLOR_NAME = AccentColor;
				CODE_SIGN_STYLE = Automatic;
				CURRENT_PROJECT_VERSION = 1;
				DEVELOPMENT_ASSET_PATHS = "\"BankActorDemo/Preview Content\"";
				DEVELOPMENT_TEAM = 853676N3N3;
				ENABLE_PREVIEWS = YES;
				GENERATE_INFOPLIST_FILE = YES;
				INFOPLIST_KEY_UIApplicationSceneManifest_Generation = YES;
				INFOPLIST_KEY_UIApplicationSupportsIndirectInputEvents = YES;
				INFOPLIST_KEY_UILaunchScreen_Generation = YES;
				INFOPLIST_KEY_UISupportedInterfaceOrientations_iPad = "UIInterfaceOrientationPortrait UIInterfaceOrientationPortraitUpsideDown UIInterfaceOrientationLandscapeLeft UIInterfaceOrientationLandscapeRight";
				INFOPLIST_KEY_UISupportedInterfaceOrientations_iPhone = "UIInterfaceOrientationPortrait UIInterfaceOrientationLandscapeLeft UIInterfaceOrientationLandscapeRight";
				LD_RUNPATH_SEARCH_PATHS = (
					"$(inherited)",
					"@executable_path/Frameworks",
				);
				MARKETING_VERSION = 1.0;
				PRODUCT_BUNDLE_IDENTIFIER = com.Karamjit.BankActorDemo;
				PRODUCT_NAME = "$(TARGET_NAME)";
				SWIFT_EMIT_LOC_STRINGS = YES;
				SWIFT_VERSION = 5.0;
				TARGETED_DEVICE_FAMILY = "1,2";
			};
			name = Release;
		};
		8530573F29928E0E009D80F1 /* Debug */ = {
			isa = XCBuildConfiguration;
			buildSettings = {
				ALWAYS_EMBED_SWIFT_STANDARD_LIBRARIES = YES;
				BUNDLE_LOADER = "$(TEST_HOST)";
				CODE_SIGN_STYLE = Automatic;
				CURRENT_PROJECT_VERSION = 1;
				DEVELOPMENT_TEAM = 853676N3N3;
				GENERATE_INFOPLIST_FILE = YES;
				IPHONEOS_DEPLOYMENT_TARGET = 16.2;
				MARKETING_VERSION = 1.0;
				PRODUCT_BUNDLE_IDENTIFIER = com.Karamjit.BankActorDemoTests;
				PRODUCT_NAME = "$(TARGET_NAME)";
				SWIFT_EMIT_LOC_STRINGS = NO;
				SWIFT_VERSION = 5.0;
				TARGETED_DEVICE_FAMILY = "1,2";
				TEST_HOST = "$(BUILT_PRODUCTS_DIR)/BankActorDemo.app/$(BUNDLE_EXECUTABLE_FOLDER_PATH)/BankActorDemo";
			};
			name = Debug;
		};
		8530574029928E0E009D80F1 /* Release */ = {
			isa = XCBuildConfiguration;
			buildSettings = {
				ALWAYS_EMBED_SWIFT_STANDARD_LIBRARIES = YES;
				BUNDLE_LOADER = "$(TEST_HOST)";
				CODE_SIGN_STYLE = Automatic;
				CURRENT_PROJECT_VERSION = 1;
				DEVELOPMENT_TEAM = 853676N3N3;
				GENERATE_INFOPLIST_FILE = YES;
				IPHONEOS_DEPLOYMENT_TARGET = 16.2;
				MARKETING_VERSION = 1.0;
				PRODUCT_BUNDLE_IDENTIFIER = com.Karamjit.BankActorDemoTests;
				PRODUCT_NAME = "$(TARGET_NAME)";
				SWIFT_EMIT_LOC_STRINGS = NO;
				SWIFT_VERSION = 5.0;
				TARGETED_DEVICE_FAMILY = "1,2";
				TEST_HOST = "$(BUILT_PRODUCTS_DIR)/BankActorDemo.app/$(BUNDLE_EXECUTABLE_FOLDER_PATH)/BankActorDemo";
			};
			name = Release;
		};
		8530574229928E0E009D80F1 /* Debug */ = {
			isa = XCBuildConfiguration;
			buildSettings = {
				ALWAYS_EMBED_SWIFT_STANDARD_LIBRARIES = YES;
				CODE_SIGN_STYLE = Automatic;
				CURRENT_PROJECT_VERSION = 1;
				DEVELOPMENT_TEAM = 853676N3N3;
				GENERATE_INFOPLIST_FILE = YES;
				MARKETING_VERSION = 1.0;
				PRODUCT_BUNDLE_IDENTIFIER = com.Karamjit.BankActorDemoUITests;
				PRODUCT_NAME = "$(TARGET_NAME)";
				SWIFT_EMIT_LOC_STRINGS = NO;
				SWIFT_VERSION = 5.0;
				TARGETED_DEVICE_FAMILY = "1,2";
				TEST_TARGET_NAME = BankActorDemo;
			};
			name = Debug;
		};
		8530574329928E0E009D80F1 /* Release */ = {
			isa = XCBuildConfiguration;
			buildSettings = {
				ALWAYS_EMBED_SWIFT_STANDARD_LIBRARIES = YES;
				CODE_SIGN_STYLE = Automatic;
				CURRENT_PROJECT_VERSION = 1;
				DEVELOPMENT_TEAM = 853676N3N3;
				GENERATE_INFOPLIST_FILE = YES;
				MARKETING_VERSION = 1.0;
				PRODUCT_BUNDLE_IDENTIFIER = com.Karamjit.BankActorDemoUITests;
				PRODUCT_NAME = "$(TARGET_NAME)";
				SWIFT_EMIT_LOC_STRINGS = NO;
				SWIFT_VERSION = 5.0;
				TARGETED_DEVICE_FAMILY = "1,2";
				TEST_TARGET_NAME = BankActorDemo;
			};
			name = Release;
		};
/* End XCBuildConfiguration section */

/* Begin XCConfigurationList section */
		8530571229928E0D009D80F1 /* Build configuration list for PBXProject "BankActorDemo" */ = {
			isa = XCConfigurationList;
			buildConfigurations = (
				8530573929928E0E009D80F1 /* Debug */,
				8530573A29928E0E009D80F1 /* Release */,
			);
			defaultConfigurationIsVisible = 0;
			defaultConfigurationName = Release;
		};
		8530573B29928E0E009D80F1 /* Build configuration list for PBXNativeTarget "BankActorDemo" */ = {
			isa = XCConfigurationList;
			buildConfigurations = (
				8530573C29928E0E009D80F1 /* Debug */,
				8530573D29928E0E009D80F1 /* Release */,
			);
			defaultConfigurationIsVisible = 0;
			defaultConfigurationName = Release;
		};
		8530573E29928E0E009D80F1 /* Build configuration list for PBXNativeTarget "BankActorDemoTests" */ = {
			isa = XCConfigurationList;
			buildConfigurations = (
				8530573F29928E0E009D80F1 /* Debug */,
				8530574029928E0E009D80F1 /* Release */,
			);
			defaultConfigurationIsVisible = 0;
			defaultConfigurationName = Release;
		};
		8530574129928E0E009D80F1 /* Build configuration list for PBXNativeTarget "BankActorDemoUITests" */ = {
			isa = XCConfigurationList;
			buildConfigurations = (
				8530574229928E0E009D80F1 /* Debug */,
				8530574329928E0E009D80F1 /* Release */,
			);
			defaultConfigurationIsVisible = 0;
			defaultConfigurationName = Release;
		};
/* End XCConfigurationList section */
	};
	rootObject = 8530570F29928E0D009D80F1 /* Project object */;
}
