// !$*UTF8*$!
{
	archiveVersion = 1;
	classes = {
	};
	objectVersion = 56;
	objects = {

/* Begin PBXBuildFile section */
		85E565172988D4C2004D7E96 /* AppDelegate.swift in Sources */ = {isa = PBXBuildFile; fileRef = 85E565162988D4C2004D7E96 /* AppDelegate.swift */; };
		85E565192988D4C2004D7E96 /* SceneDelegate.swift in Sources */ = {isa = PBXBuildFile; fileRef = 85E565182988D4C2004D7E96 /* SceneDelegate.swift */; };
		85E5651B2988D4C2004D7E96 /* ViewController.swift in Sources */ = {isa = PBXBuildFile; fileRef = 85E5651A2988D4C2004D7E96 /* ViewController.swift */; };
		85E5651E2988D4C2004D7E96 /* Main.storyboard in Resources */ = {isa = PBXBuildFile; fileRef = 85E5651C2988D4C2004D7E96 /* Main.storyboard */; };
		85E565202988D4C3004D7E96 /* Assets.xcassets in Resources */ = {isa = PBXBuildFile; fileRef = 85E5651F2988D4C3004D7E96 /* Assets.xcassets */; };
		85E565232988D4C3004D7E96 /* LaunchScreen.storyboard in Resources */ = {isa = PBXBuildFile; fileRef = 85E565212988D4C3004D7E96 /* LaunchScreen.storyboard */; };
		85E5652E2988D4C3004D7E96 /* NetworkServicesTests.swift in Sources */ = {isa = PBXBuildFile; fileRef = 85E5652D2988D4C3004D7E96 /* NetworkServicesTests.swift */; };
		85E565382988D4C3004D7E96 /* NetworkServicesUITests.swift in Sources */ = {isa = PBXBuildFile; fileRef = 85E565372988D4C3004D7E96 /* NetworkServicesUITests.swift */; };
		85E5653A2988D4C3004D7E96 /* NetworkServicesUITestsLaunchTests.swift in Sources */ = {isa = PBXBuildFile; fileRef = 85E565392988D4C3004D7E96 /* NetworkServicesUITestsLaunchTests.swift */; };
		85E565472988D53A004D7E96 /* NetworkManager.swift in Sources */ = {isa = PBXBuildFile; fileRef = 85E565462988D53A004D7E96 /* NetworkManager.swift */; };
		85E5654929890D09004D7E96 /* AppConfig.swift in Sources */ = {isa = PBXBuildFile; fileRef = 85E5654829890D09004D7E96 /* AppConfig.swift */; };
		85E5654C298920FD004D7E96 /* APIHandler.swift in Sources */ = {isa = PBXBuildFile; fileRef = 85E5654B298920FD004D7E96 /* APIHandler.swift */; };
		85E5654E29892117004D7E96 /* ResponseHandler.swift in Sources */ = {isa = PBXBuildFile; fileRef = 85E5654D29892117004D7E96 /* ResponseHandler.swift */; };
		85E5655029892186004D7E96 /* APIError.swift in Sources */ = {isa = PBXBuildFile; fileRef = 85E5654F29892186004D7E96 /* APIError.swift */; };
		85E5655329892355004D7E96 /* RequestURLViewModel.swift in Sources */ = {isa = PBXBuildFile; fileRef = 85E5655229892355004D7E96 /* RequestURLViewModel.swift */; };
		85E56557298923F9004D7E96 /* RequestURL.swift in Sources */ = {isa = PBXBuildFile; fileRef = 85E56556298923F9004D7E96 /* RequestURL.swift */; };
		85E56559298929DE004D7E96 /* RequestViewService.swift in Sources */ = {isa = PBXBuildFile; fileRef = 85E56558298929DE004D7E96 /* RequestViewService.swift */; };
/* End PBXBuildFile section */

/* Begin PBXContainerItemProxy section */
		85E5652A2988D4C3004D7E96 /* PBXContainerItemProxy */ = {
			isa = PBXContainerItemProxy;
			containerPortal = 85E5650B2988D4C2004D7E96 /* Project object */;
			proxyType = 1;
			remoteGlobalIDString = 85E565122988D4C2004D7E96;
			remoteInfo = NetworkServices;
		};
		85E565342988D4C3004D7E96 /* PBXContainerItemProxy */ = {
			isa = PBXContainerItemProxy;
			containerPortal = 85E5650B2988D4C2004D7E96 /* Project object */;
			proxyType = 1;
			remoteGlobalIDString = 85E565122988D4C2004D7E96;
			remoteInfo = NetworkServices;
		};
/* End PBXContainerItemProxy section */

/* Begin PBXFileReference section */
		85E565132988D4C2004D7E96 /* NetworkServices.app */ = {isa = PBXFileReference; explicitFileType = wrapper.application; includeInIndex = 0; path = NetworkServices.app; sourceTree = BUILT_PRODUCTS_DIR; };
		85E565162988D4C2004D7E96 /* AppDelegate.swift */ = {isa = PBXFileReference; lastKnownFileType = sourcecode.swift; path = AppDelegate.swift; sourceTree = "<group>"; };
		85E565182988D4C2004D7E96 /* SceneDelegate.swift */ = {isa = PBXFileReference; lastKnownFileType = sourcecode.swift; path = SceneDelegate.swift; sourceTree = "<group>"; };
		85E5651A2988D4C2004D7E96 /* ViewController.swift */ = {isa = PBXFileReference; lastKnownFileType = sourcecode.swift; path = ViewController.swift; sourceTree = "<group>"; };
		85E5651D2988D4C2004D7E96 /* Base */ = {isa = PBXFileReference; lastKnownFileType = file.storyboard; name = Base; path = Base.lproj/Main.storyboard; sourceTree = "<group>"; };
		85E5651F2988D4C3004D7E96 /* Assets.xcassets */ = {isa = PBXFileReference; lastKnownFileType = folder.assetcatalog; path = Assets.xcassets; sourceTree = "<group>"; };
		85E565222988D4C3004D7E96 /* Base */ = {isa = PBXFileReference; lastKnownFileType = file.storyboard; name = Base; path = Base.lproj/LaunchScreen.storyboard; sourceTree = "<group>"; };
		85E565242988D4C3004D7E96 /* Info.plist */ = {isa = PBXFileReference; lastKnownFileType = text.plist.xml; path = Info.plist; sourceTree = "<group>"; };
		85E565292988D4C3004D7E96 /* NetworkServicesTests.xctest */ = {isa = PBXFileReference; explicitFileType = wrapper.cfbundle; includeInIndex = 0; path = NetworkServicesTests.xctest; sourceTree = BUILT_PRODUCTS_DIR; };
		85E5652D2988D4C3004D7E96 /* NetworkServicesTests.swift */ = {isa = PBXFileReference; lastKnownFileType = sourcecode.swift; path = NetworkServicesTests.swift; sourceTree = "<group>"; };
		85E565332988D4C3004D7E96 /* NetworkServicesUITests.xctest */ = {isa = PBXFileReference; explicitFileType = wrapper.cfbundle; includeInIndex = 0; path = NetworkServicesUITests.xctest; sourceTree = BUILT_PRODUCTS_DIR; };
		85E565372988D4C3004D7E96 /* NetworkServicesUITests.swift */ = {isa = PBXFileReference; lastKnownFileType = sourcecode.swift; path = NetworkServicesUITests.swift; sourceTree = "<group>"; };
		85E565392988D4C3004D7E96 /* NetworkServicesUITestsLaunchTests.swift */ = {isa = PBXFileReference; lastKnownFileType = sourcecode.swift; path = NetworkServicesUITestsLaunchTests.swift; sourceTree = "<group>"; };
		85E565462988D53A004D7E96 /* NetworkManager.swift */ = {isa = PBXFileReference; lastKnownFileType = sourcecode.swift; path = NetworkManager.swift; sourceTree = "<group>"; };
		85E5654829890D09004D7E96 /* AppConfig.swift */ = {isa = PBXFileReference; lastKnownFileType = sourcecode.swift; path = AppConfig.swift; sourceTree = "<group>"; };
		85E5654B298920FD004D7E96 /* APIHandler.swift */ = {isa = PBXFileReference; lastKnownFileType = sourcecode.swift; path = APIHandler.swift; sourceTree = "<group>"; };
		85E5654D29892117004D7E96 /* ResponseHandler.swift */ = {isa = PBXFileReference; lastKnownFileType = sourcecode.swift; path = ResponseHandler.swift; sourceTree = "<group>"; };
		85E5654F29892186004D7E96 /* APIError.swift */ = {isa = PBXFileReference; lastKnownFileType = sourcecode.swift; path = APIError.swift; sourceTree = "<group>"; };
		85E5655229892355004D7E96 /* RequestURLViewModel.swift */ = {isa = PBXFileReference; lastKnownFileType = sourcecode.swift; path = RequestURLViewModel.swift; sourceTree = "<group>"; };
		85E56556298923F9004D7E96 /* RequestURL.swift */ = {isa = PBXFileReference; lastKnownFileType = sourcecode.swift; path = RequestURL.swift; sourceTree = "<group>"; };
		85E56558298929DE004D7E96 /* RequestViewService.swift */ = {isa = PBXFileReference; lastKnownFileType = sourcecode.swift; path = RequestViewService.swift; sourceTree = "<group>"; };
/* End PBXFileReference section */

/* Begin PBXFrameworksBuildPhase section */
		85E565102988D4C2004D7E96 /* Frameworks */ = {
			isa = PBXFrameworksBuildPhase;
			buildActionMask = 2147483647;
			files = (
			);
			runOnlyForDeploymentPostprocessing = 0;
		};
		85E565262988D4C3004D7E96 /* Frameworks */ = {
			isa = PBXFrameworksBuildPhase;
			buildActionMask = 2147483647;
			files = (
			);
			runOnlyForDeploymentPostprocessing = 0;
		};
		85E565302988D4C3004D7E96 /* Frameworks */ = {
			isa = PBXFrameworksBuildPhase;
			buildActionMask = 2147483647;
			files = (
			);
			runOnlyForDeploymentPostprocessing = 0;
		};
/* End PBXFrameworksBuildPhase section */

/* Begin PBXGroup section */
		85E5650A2988D4C2004D7E96 = {
			isa = PBXGroup;
			children = (
				85E565152988D4C2004D7E96 /* NetworkServices */,
				85E5652C2988D4C3004D7E96 /* NetworkServicesTests */,
				85E565362988D4C3004D7E96 /* NetworkServicesUITests */,
				85E565142988D4C2004D7E96 /* Products */,
			);
			sourceTree = "<group>";
		};
		85E565142988D4C2004D7E96 /* Products */ = {
			isa = PBXGroup;
			children = (
				85E565132988D4C2004D7E96 /* NetworkServices.app */,
				85E565292988D4C3004D7E96 /* NetworkServicesTests.xctest */,
				85E565332988D4C3004D7E96 /* NetworkServicesUITests.xctest */,
			);
			name = Products;
			sourceTree = "<group>";
		};
		85E565152988D4C2004D7E96 /* NetworkServices */ = {
			isa = PBXGroup;
			children = (
				85E56554298923CA004D7E96 /* Models */,
				85E5655129892316004D7E96 /* Request */,
				85E5654A298920DD004D7E96 /* APIServices */,
				85E5654829890D09004D7E96 /* AppConfig.swift */,
				85E565162988D4C2004D7E96 /* AppDelegate.swift */,
				85E565182988D4C2004D7E96 /* SceneDelegate.swift */,
				85E5651A2988D4C2004D7E96 /* ViewController.swift */,
				85E5651C2988D4C2004D7E96 /* Main.storyboard */,
				85E5651F2988D4C3004D7E96 /* Assets.xcassets */,
				85E565212988D4C3004D7E96 /* LaunchScreen.storyboard */,
				85E565242988D4C3004D7E96 /* Info.plist */,
			);
			path = NetworkServices;
			sourceTree = "<group>";
		};
		85E5652C2988D4C3004D7E96 /* NetworkServicesTests */ = {
			isa = PBXGroup;
			children = (
				85E5652D2988D4C3004D7E96 /* NetworkServicesTests.swift */,
			);
			path = NetworkServicesTests;
			sourceTree = "<group>";
		};
		85E565362988D4C3004D7E96 /* NetworkServicesUITests */ = {
			isa = PBXGroup;
			children = (
				85E565372988D4C3004D7E96 /* NetworkServicesUITests.swift */,
				85E565392988D4C3004D7E96 /* NetworkServicesUITestsLaunchTests.swift */,
			);
			path = NetworkServicesUITests;
			sourceTree = "<group>";
		};
		85E5654A298920DD004D7E96 /* APIServices */ = {
			isa = PBXGroup;
			children = (
				85E565462988D53A004D7E96 /* NetworkManager.swift */,
				85E5654F29892186004D7E96 /* APIError.swift */,
				85E5654B298920FD004D7E96 /* APIHandler.swift */,
				85E5654D29892117004D7E96 /* ResponseHandler.swift */,
			);
			path = APIServices;
			sourceTree = "<group>";
		};
		85E5655129892316004D7E96 /* Request */ = {
			isa = PBXGroup;
			children = (
				85E5655229892355004D7E96 /* RequestURLViewModel.swift */,
				85E56558298929DE004D7E96 /* RequestViewService.swift */,
			);
			path = Request;
			sourceTree = "<group>";
		};
		85E56554298923CA004D7E96 /* Models */ = {
			isa = PBXGroup;
			children = (
				85E56555298923DA004D7E96 /* RequestURLS */,
			);
			path = Models;
			sourceTree = "<group>";
		};
		85E56555298923DA004D7E96 /* RequestURLS */ = {
			isa = PBXGroup;
			children = (
				85E56556298923F9004D7E96 /* RequestURL.swift */,
			);
			path = RequestURLS;
			sourceTree = "<group>";
		};
/* End PBXGroup section */

/* Begin PBXNativeTarget section */
		85E565122988D4C2004D7E96 /* NetworkServices */ = {
			isa = PBXNativeTarget;
			buildConfigurationList = 85E5653D2988D4C3004D7E96 /* Build configuration list for PBXNativeTarget "NetworkServices" */;
			buildPhases = (
				85E5650F2988D4C2004D7E96 /* Sources */,
				85E565102988D4C2004D7E96 /* Frameworks */,
				85E565112988D4C2004D7E96 /* Resources */,
			);
			buildRules = (
			);
			dependencies = (
			);
			name = NetworkServices;
			productName = NetworkServices;
			productReference = 85E565132988D4C2004D7E96 /* NetworkServices.app */;
			productType = "com.apple.product-type.application";
		};
		85E565282988D4C3004D7E96 /* NetworkServicesTests */ = {
			isa = PBXNativeTarget;
			buildConfigurationList = 85E565402988D4C3004D7E96 /* Build configuration list for PBXNativeTarget "NetworkServicesTests" */;
			buildPhases = (
				85E565252988D4C3004D7E96 /* Sources */,
				85E565262988D4C3004D7E96 /* Frameworks */,
				85E565272988D4C3004D7E96 /* Resources */,
			);
			buildRules = (
			);
			dependencies = (
				85E5652B2988D4C3004D7E96 /* PBXTargetDependency */,
			);
			name = NetworkServicesTests;
			productName = NetworkServicesTests;
			productReference = 85E565292988D4C3004D7E96 /* NetworkServicesTests.xctest */;
			productType = "com.apple.product-type.bundle.unit-test";
		};
		85E565322988D4C3004D7E96 /* NetworkServicesUITests */ = {
			isa = PBXNativeTarget;
			buildConfigurationList = 85E565432988D4C3004D7E96 /* Build configuration list for PBXNativeTarget "NetworkServicesUITests" */;
			buildPhases = (
				85E5652F2988D4C3004D7E96 /* Sources */,
				85E565302988D4C3004D7E96 /* Frameworks */,
				85E565312988D4C3004D7E96 /* Resources */,
			);
			buildRules = (
			);
			dependencies = (
				85E565352988D4C3004D7E96 /* PBXTargetDependency */,
			);
			name = NetworkServicesUITests;
			productName = NetworkServicesUITests;
			productReference = 85E565332988D4C3004D7E96 /* NetworkServicesUITests.xctest */;
			productType = "com.apple.product-type.bundle.ui-testing";
		};
/* End PBXNativeTarget section */

/* Begin PBXProject section */
		85E5650B2988D4C2004D7E96 /* Project object */ = {
			isa = PBXProject;
			attributes = {
				BuildIndependentTargetsInParallel = 1;
				LastSwiftUpdateCheck = 1420;
				LastUpgradeCheck = 1420;
				TargetAttributes = {
					85E565122988D4C2004D7E96 = {
						CreatedOnToolsVersion = 14.2;
					};
					85E565282988D4C3004D7E96 = {
						CreatedOnToolsVersion = 14.2;
						TestTargetID = 85E565122988D4C2004D7E96;
					};
					85E565322988D4C3004D7E96 = {
						CreatedOnToolsVersion = 14.2;
						TestTargetID = 85E565122988D4C2004D7E96;
					};
				};
			};
			buildConfigurationList = 85E5650E2988D4C2004D7E96 /* Build configuration list for PBXProject "NetworkServices" */;
			compatibilityVersion = "Xcode 14.0";
			developmentRegion = en;
			hasScannedForEncodings = 0;
			knownRegions = (
				en,
				Base,
			);
			mainGroup = 85E5650A2988D4C2004D7E96;
			productRefGroup = 85E565142988D4C2004D7E96 /* Products */;
			projectDirPath = "";
			projectRoot = "";
			targets = (
				85E565122988D4C2004D7E96 /* NetworkServices */,
				85E565282988D4C3004D7E96 /* NetworkServicesTests */,
				85E565322988D4C3004D7E96 /* NetworkServicesUITests */,
			);
		};
/* End PBXProject section */

/* Begin PBXResourcesBuildPhase section */
		85E565112988D4C2004D7E96 /* Resources */ = {
			isa = PBXResourcesBuildPhase;
			buildActionMask = 2147483647;
			files = (
				85E565232988D4C3004D7E96 /* LaunchScreen.storyboard in Resources */,
				85E565202988D4C3004D7E96 /* Assets.xcassets in Resources */,
				85E5651E2988D4C2004D7E96 /* Main.storyboard in Resources */,
			);
			runOnlyForDeploymentPostprocessing = 0;
		};
		85E565272988D4C3004D7E96 /* Resources */ = {
			isa = PBXResourcesBuildPhase;
			buildActionMask = 2147483647;
			files = (
			);
			runOnlyForDeploymentPostprocessing = 0;
		};
		85E565312988D4C3004D7E96 /* Resources */ = {
			isa = PBXResourcesBuildPhase;
			buildActionMask = 2147483647;
			files = (
			);
			runOnlyForDeploymentPostprocessing = 0;
		};
/* End PBXResourcesBuildPhase section */

/* Begin PBXSourcesBuildPhase section */
		85E5650F2988D4C2004D7E96 /* Sources */ = {
			isa = PBXSourcesBuildPhase;
			buildActionMask = 2147483647;
			files = (
				85E5655329892355004D7E96 /* RequestURLViewModel.swift in Sources */,
				85E56557298923F9004D7E96 /* RequestURL.swift in Sources */,
				85E565472988D53A004D7E96 /* NetworkManager.swift in Sources */,
				85E5654929890D09004D7E96 /* AppConfig.swift in Sources */,
				85E5651B2988D4C2004D7E96 /* ViewController.swift in Sources */,
				85E5654C298920FD004D7E96 /* APIHandler.swift in Sources */,
				85E56559298929DE004D7E96 /* RequestViewService.swift in Sources */,
				85E565172988D4C2004D7E96 /* AppDelegate.swift in Sources */,
				85E5655029892186004D7E96 /* APIError.swift in Sources */,
				85E565192988D4C2004D7E96 /* SceneDelegate.swift in Sources */,
				85E5654E29892117004D7E96 /* ResponseHandler.swift in Sources */,
			);
			runOnlyForDeploymentPostprocessing = 0;
		};
		85E565252988D4C3004D7E96 /* Sources */ = {
			isa = PBXSourcesBuildPhase;
			buildActionMask = 2147483647;
			files = (
				85E5652E2988D4C3004D7E96 /* NetworkServicesTests.swift in Sources */,
			);
			runOnlyForDeploymentPostprocessing = 0;
		};
		85E5652F2988D4C3004D7E96 /* Sources */ = {
			isa = PBXSourcesBuildPhase;
			buildActionMask = 2147483647;
			files = (
				85E565382988D4C3004D7E96 /* NetworkServicesUITests.swift in Sources */,
				85E5653A2988D4C3004D7E96 /* NetworkServicesUITestsLaunchTests.swift in Sources */,
			);
			runOnlyForDeploymentPostprocessing = 0;
		};
/* End PBXSourcesBuildPhase section */

/* Begin PBXTargetDependency section */
		85E5652B2988D4C3004D7E96 /* PBXTargetDependency */ = {
			isa = PBXTargetDependency;
			target = 85E565122988D4C2004D7E96 /* NetworkServices */;
			targetProxy = 85E5652A2988D4C3004D7E96 /* PBXContainerItemProxy */;
		};
		85E565352988D4C3004D7E96 /* PBXTargetDependency */ = {
			isa = PBXTargetDependency;
			target = 85E565122988D4C2004D7E96 /* NetworkServices */;
			targetProxy = 85E565342988D4C3004D7E96 /* PBXContainerItemProxy */;
		};
/* End PBXTargetDependency section */

/* Begin PBXVariantGroup section */
		85E5651C2988D4C2004D7E96 /* Main.storyboard */ = {
			isa = PBXVariantGroup;
			children = (
				85E5651D2988D4C2004D7E96 /* Base */,
			);
			name = Main.storyboard;
			sourceTree = "<group>";
		};
		85E565212988D4C3004D7E96 /* LaunchScreen.storyboard */ = {
			isa = PBXVariantGroup;
			children = (
				85E565222988D4C3004D7E96 /* Base */,
			);
			name = LaunchScreen.storyboard;
			sourceTree = "<group>";
		};
/* End PBXVariantGroup section */

/* Begin XCBuildConfiguration section */
		85E5653B2988D4C3004D7E96 /* Debug */ = {
			isa = XCBuildConfiguration;
			buildSettings = {
				ALWAYS_SEARCH_USER_PATHS = NO;
				CLANG_ANALYZER_NONNULL = YES;
				CLANG_ANALYZER_NUMBER_OBJECT_CONVERSION = YES_AGGRESSIVE;
				CLANG_CXX_LANGUAGE_STANDARD = "gnu++20";
				CLANG_ENABLE_MODULES = YES;
				CLANG_ENABLE_OBJC_ARC = YES;
				CLANG_ENABLE_OBJC_WEAK = YES;
				CLANG_WARN_BLOCK_CAPTURE_AUTORELEASING = YES;
				CLANG_WARN_BOOL_CONVERSION = YES;
				CLANG_WARN_COMMA = YES;
				CLANG_WARN_CONSTANT_CONVERSION = YES;
				CLANG_WARN_DEPRECATED_OBJC_IMPLEMENTATIONS = YES;
				CLANG_WARN_DIRECT_OBJC_ISA_USAGE = YES_ERROR;
				CLANG_WARN_DOCUMENTATION_COMMENTS = YES;
				CLANG_WARN_EMPTY_BODY = YES;
				CLANG_WARN_ENUM_CONVERSION = YES;
				CLANG_WARN_INFINITE_RECURSION = YES;
				CLANG_WARN_INT_CONVERSION = YES;
				CLANG_WARN_NON_LITERAL_NULL_CONVERSION = YES;
				CLANG_WARN_OBJC_IMPLICIT_RETAIN_SELF = YES;
				CLANG_WARN_OBJC_LITERAL_CONVERSION = YES;
				CLANG_WARN_OBJC_ROOT_CLASS = YES_ERROR;
				CLANG_WARN_QUOTED_INCLUDE_IN_FRAMEWORK_HEADER = YES;
				CLANG_WARN_RANGE_LOOP_ANALYSIS = YES;
				CLANG_WARN_STRICT_PROTOTYPES = YES;
				CLANG_WARN_SUSPICIOUS_MOVE = YES;
				CLANG_WARN_UNGUARDED_AVAILABILITY = YES_AGGRESSIVE;
				CLANG_WARN_UNREACHABLE_CODE = YES;
				CLANG_WARN__DUPLICATE_METHOD_MATCH = YES;
				COPY_PHASE_STRIP = NO;
				DEBUG_INFORMATION_FORMAT = dwarf;
				ENABLE_STRICT_OBJC_MSGSEND = YES;
				ENABLE_TESTABILITY = YES;
				GCC_C_LANGUAGE_STANDARD = gnu11;
				GCC_DYNAMIC_NO_PIC = NO;
				GCC_NO_COMMON_BLOCKS = YES;
				GCC_OPTIMIZATION_LEVEL = 0;
				GCC_PREPROCESSOR_DEFINITIONS = (
					"DEBUG=1",
					"$(inherited)",
				);
				GCC_WARN_64_TO_32_BIT_CONVERSION = YES;
				GCC_WARN_ABOUT_RETURN_TYPE = YES_ERROR;
				GCC_WARN_UNDECLARED_SELECTOR = YES;
				GCC_WARN_UNINITIALIZED_AUTOS = YES_AGGRESSIVE;
				GCC_WARN_UNUSED_FUNCTION = YES;
				GCC_WARN_UNUSED_VARIABLE = YES;
				IPHONEOS_DEPLOYMENT_TARGET = 16.2;
				MTL_ENABLE_DEBUG_INFO = INCLUDE_SOURCE;
				MTL_FAST_MATH = YES;
				ONLY_ACTIVE_ARCH = YES;
				SDKROOT = iphoneos;
				SWIFT_ACTIVE_COMPILATION_CONDITIONS = DEBUG;
				SWIFT_OPTIMIZATION_LEVEL = "-Onone";
			};
			name = Debug;
		};
		85E5653C2988D4C3004D7E96 /* Release */ = {
			isa = XCBuildConfiguration;
			buildSettings = {
				ALWAYS_SEARCH_USER_PATHS = NO;
				CLANG_ANALYZER_NONNULL = YES;
				CLANG_ANALYZER_NUMBER_OBJECT_CONVERSION = YES_AGGRESSIVE;
				CLANG_CXX_LANGUAGE_STANDARD = "gnu++20";
				CLANG_ENABLE_MODULES = YES;
				CLANG_ENABLE_OBJC_ARC = YES;
				CLANG_ENABLE_OBJC_WEAK = YES;
				CLANG_WARN_BLOCK_CAPTURE_AUTORELEASING = YES;
				CLANG_WARN_BOOL_CONVERSION = YES;
				CLANG_WARN_COMMA = YES;
				CLANG_WARN_CONSTANT_CONVERSION = YES;
				CLANG_WARN_DEPRECATED_OBJC_IMPLEMENTATIONS = YES;
				CLANG_WARN_DIRECT_OBJC_ISA_USAGE = YES_ERROR;
				CLANG_WARN_DOCUMENTATION_COMMENTS = YES;
				CLANG_WARN_EMPTY_BODY = YES;
				CLANG_WARN_ENUM_CONVERSION = YES;
				CLANG_WARN_INFINITE_RECURSION = YES;
				CLANG_WARN_INT_CONVERSION = YES;
				CLANG_WARN_NON_LITERAL_NULL_CONVERSION = YES;
				CLANG_WARN_OBJC_IMPLICIT_RETAIN_SELF = YES;
				CLANG_WARN_OBJC_LITERAL_CONVERSION = YES;
				CLANG_WARN_OBJC_ROOT_CLASS = YES_ERROR;
				CLANG_WARN_QUOTED_INCLUDE_IN_FRAMEWORK_HEADER = YES;
				CLANG_WARN_RANGE_LOOP_ANALYSIS = YES;
				CLANG_WARN_STRICT_PROTOTYPES = YES;
				CLANG_WARN_SUSPICIOUS_MOVE = YES;
				CLANG_WARN_UNGUARDED_AVAILABILITY = YES_AGGRESSIVE;
				CLANG_WARN_UNREACHABLE_CODE = YES;
				CLANG_WARN__DUPLICATE_METHOD_MATCH = YES;
				COPY_PHASE_STRIP = NO;
				DEBUG_INFORMATION_FORMAT = "dwarf-with-dsym";
				ENABLE_NS_ASSERTIONS = NO;
				ENABLE_STRICT_OBJC_MSGSEND = YES;
				GCC_C_LANGUAGE_STANDARD = gnu11;
				GCC_NO_COMMON_BLOCKS = YES;
				GCC_WARN_64_TO_32_BIT_CONVERSION = YES;
				GCC_WARN_ABOUT_RETURN_TYPE = YES_ERROR;
				GCC_WARN_UNDECLARED_SELECTOR = YES;
				GCC_WARN_UNINITIALIZED_AUTOS = YES_AGGRESSIVE;
				GCC_WARN_UNUSED_FUNCTION = YES;
				GCC_WARN_UNUSED_VARIABLE = YES;
				IPHONEOS_DEPLOYMENT_TARGET = 16.2;
				MTL_ENABLE_DEBUG_INFO = NO;
				MTL_FAST_MATH = YES;
				SDKROOT = iphoneos;
				SWIFT_COMPILATION_MODE = wholemodule;
				SWIFT_OPTIMIZATION_LEVEL = "-O";
				VALIDATE_PRODUCT = YES;
			};
			name = Release;
		};
		85E5653E2988D4C3004D7E96 /* Debug */ = {
			isa = XCBuildConfiguration;
			buildSettings = {
				ASSETCATALOG_COMPILER_APPICON_NAME = AppIcon;
				ASSETCATALOG_COMPILER_GLOBAL_ACCENT_COLOR_NAME = AccentColor;
				CODE_SIGN_STYLE = Automatic;
				CURRENT_PROJECT_VERSION = 1;
				DEVELOPMENT_TEAM = 853676N3N3;
				GENERATE_INFOPLIST_FILE = YES;
				INFOPLIST_FILE = NetworkServices/Info.plist;
				INFOPLIST_KEY_UIApplicationSupportsIndirectInputEvents = YES;
				INFOPLIST_KEY_UILaunchStoryboardName = LaunchScreen;
				INFOPLIST_KEY_UIMainStoryboardFile = Main;
				INFOPLIST_KEY_UISupportedInterfaceOrientations_iPad = "UIInterfaceOrientationPortrait UIInterfaceOrientationPortraitUpsideDown UIInterfaceOrientationLandscapeLeft UIInterfaceOrientationLandscapeRight";
				INFOPLIST_KEY_UISupportedInterfaceOrientations_iPhone = "UIInterfaceOrientationPortrait UIInterfaceOrientationLandscapeLeft UIInterfaceOrientationLandscapeRight";
				LD_RUNPATH_SEARCH_PATHS = (
					"$(inherited)",
					"@executable_path/Frameworks",
				);
				MARKETING_VERSION = 1.0;
				PRODUCT_BUNDLE_IDENTIFIER = com.Karamjit.NetworkServices;
				PRODUCT_NAME = "$(TARGET_NAME)";
				SWIFT_EMIT_LOC_STRINGS = YES;
				SWIFT_VERSION = 5.0;
				TARGETED_DEVICE_FAMILY = "1,2";
			};
			name = Debug;
		};
		85E5653F2988D4C3004D7E96 /* Release */ = {
			isa = XCBuildConfiguration;
			buildSettings = {
				ASSETCATALOG_COMPILER_APPICON_NAME = AppIcon;
				ASSETCATALOG_COMPILER_GLOBAL_ACCENT_COLOR_NAME = AccentColor;
				CODE_SIGN_STYLE = Automatic;
				CURRENT_PROJECT_VERSION = 1;
				DEVELOPMENT_TEAM = 853676N3N3;
				GENERATE_INFOPLIST_FILE = YES;
				INFOPLIST_FILE = NetworkServices/Info.plist;
				INFOPLIST_KEY_UIApplicationSupportsIndirectInputEvents = YES;
				INFOPLIST_KEY_UILaunchStoryboardName = LaunchScreen;
				INFOPLIST_KEY_UIMainStoryboardFile = Main;
				INFOPLIST_KEY_UISupportedInterfaceOrientations_iPad = "UIInterfaceOrientationPortrait UIInterfaceOrientationPortraitUpsideDown UIInterfaceOrientationLandscapeLeft UIInterfaceOrientationLandscapeRight";
				INFOPLIST_KEY_UISupportedInterfaceOrientations_iPhone = "UIInterfaceOrientationPortrait UIInterfaceOrientationLandscapeLeft UIInterfaceOrientationLandscapeRight";
				LD_RUNPATH_SEARCH_PATHS = (
					"$(inherited)",
					"@executable_path/Frameworks",
				);
				MARKETING_VERSION = 1.0;
				PRODUCT_BUNDLE_IDENTIFIER = com.Karamjit.NetworkServices;
				PRODUCT_NAME = "$(TARGET_NAME)";
				SWIFT_EMIT_LOC_STRINGS = YES;
				SWIFT_VERSION = 5.0;
				TARGETED_DEVICE_FAMILY = "1,2";
			};
			name = Release;
		};
		85E565412988D4C3004D7E96 /* Debug */ = {
			isa = XCBuildConfiguration;
			buildSettings = {
				ALWAYS_EMBED_SWIFT_STANDARD_LIBRARIES = YES;
				BUNDLE_LOADER = "$(TEST_HOST)";
				CODE_SIGN_STYLE = Automatic;
				CURRENT_PROJECT_VERSION = 1;
				DEVELOPMENT_TEAM = 853676N3N3;
				GENERATE_INFOPLIST_FILE = YES;
				IPHONEOS_DEPLOYMENT_TARGET = 16.2;
				MARKETING_VERSION = 1.0;
				PRODUCT_BUNDLE_IDENTIFIER = com.Karamjit.NetworkServicesTests;
				PRODUCT_NAME = "$(TARGET_NAME)";
				SWIFT_EMIT_LOC_STRINGS = NO;
				SWIFT_VERSION = 5.0;
				TARGETED_DEVICE_FAMILY = "1,2";
				TEST_HOST = "$(BUILT_PRODUCTS_DIR)/NetworkServices.app/$(BUNDLE_EXECUTABLE_FOLDER_PATH)/NetworkServices";
			};
			name = Debug;
		};
		85E565422988D4C3004D7E96 /* Release */ = {
			isa = XCBuildConfiguration;
			buildSettings = {
				ALWAYS_EMBED_SWIFT_STANDARD_LIBRARIES = YES;
				BUNDLE_LOADER = "$(TEST_HOST)";
				CODE_SIGN_STYLE = Automatic;
				CURRENT_PROJECT_VERSION = 1;
				DEVELOPMENT_TEAM = 853676N3N3;
				GENERATE_INFOPLIST_FILE = YES;
				IPHONEOS_DEPLOYMENT_TARGET = 16.2;
				MARKETING_VERSION = 1.0;
				PRODUCT_BUNDLE_IDENTIFIER = com.Karamjit.NetworkServicesTests;
				PRODUCT_NAME = "$(TARGET_NAME)";
				SWIFT_EMIT_LOC_STRINGS = NO;
				SWIFT_VERSION = 5.0;
				TARGETED_DEVICE_FAMILY = "1,2";
				TEST_HOST = "$(BUILT_PRODUCTS_DIR)/NetworkServices.app/$(BUNDLE_EXECUTABLE_FOLDER_PATH)/NetworkServices";
			};
			name = Release;
		};
		85E565442988D4C3004D7E96 /* Debug */ = {
			isa = XCBuildConfiguration;
			buildSettings = {
				ALWAYS_EMBED_SWIFT_STANDARD_LIBRARIES = YES;
				CODE_SIGN_STYLE = Automatic;
				CURRENT_PROJECT_VERSION = 1;
				DEVELOPMENT_TEAM = 853676N3N3;
				GENERATE_INFOPLIST_FILE = YES;
				MARKETING_VERSION = 1.0;
				PRODUCT_BUNDLE_IDENTIFIER = com.Karamjit.NetworkServicesUITests;
				PRODUCT_NAME = "$(TARGET_NAME)";
				SWIFT_EMIT_LOC_STRINGS = NO;
				SWIFT_VERSION = 5.0;
				TARGETED_DEVICE_FAMILY = "1,2";
				TEST_TARGET_NAME = NetworkServices;
			};
			name = Debug;
		};
		85E565452988D4C3004D7E96 /* Release */ = {
			isa = XCBuildConfiguration;
			buildSettings = {
				ALWAYS_EMBED_SWIFT_STANDARD_LIBRARIES = YES;
				CODE_SIGN_STYLE = Automatic;
				CURRENT_PROJECT_VERSION = 1;
				DEVELOPMENT_TEAM = 853676N3N3;
				GENERATE_INFOPLIST_FILE = YES;
				MARKETING_VERSION = 1.0;
				PRODUCT_BUNDLE_IDENTIFIER = com.Karamjit.NetworkServicesUITests;
				PRODUCT_NAME = "$(TARGET_NAME)";
				SWIFT_EMIT_LOC_STRINGS = NO;
				SWIFT_VERSION = 5.0;
				TARGETED_DEVICE_FAMILY = "1,2";
				TEST_TARGET_NAME = NetworkServices;
			};
			name = Release;
		};
/* End XCBuildConfiguration section */

/* Begin XCConfigurationList section */
		85E5650E2988D4C2004D7E96 /* Build configuration list for PBXProject "NetworkServices" */ = {
			isa = XCConfigurationList;
			buildConfigurations = (
				85E5653B2988D4C3004D7E96 /* Debug */,
				85E5653C2988D4C3004D7E96 /* Release */,
			);
			defaultConfigurationIsVisible = 0;
			defaultConfigurationName = Release;
		};
		85E5653D2988D4C3004D7E96 /* Build configuration list for PBXNativeTarget "NetworkServices" */ = {
			isa = XCConfigurationList;
			buildConfigurations = (
				85E5653E2988D4C3004D7E96 /* Debug */,
				85E5653F2988D4C3004D7E96 /* Release */,
			);
			defaultConfigurationIsVisible = 0;
			defaultConfigurationName = Release;
		};
		85E565402988D4C3004D7E96 /* Build configuration list for PBXNativeTarget "NetworkServicesTests" */ = {
			isa = XCConfigurationList;
			buildConfigurations = (
				85E565412988D4C3004D7E96 /* Debug */,
				85E565422988D4C3004D7E96 /* Release */,
			);
			defaultConfigurationIsVisible = 0;
			defaultConfigurationName = Release;
		};
		85E565432988D4C3004D7E96 /* Build configuration list for PBXNativeTarget "NetworkServicesUITests" */ = {
			isa = XCConfigurationList;
			buildConfigurations = (
				85E565442988D4C3004D7E96 /* Debug */,
				85E565452988D4C3004D7E96 /* Release */,
			);
			defaultConfigurationIsVisible = 0;
			defaultConfigurationName = Release;
		};
/* End XCConfigurationList section */
	};
	rootObject = 85E5650B2988D4C2004D7E96 /* Project object */;
}
